{
  "name": "roadmapsmith",
  "version": "0.13.5",
  "lockfileVersion": 3,
  "requires": true,
  "packages": {
    "": {
      "name": "roadmapsmith",
      "version": "0.13.5",
      "license": "MIT",
      "bin": {
        "roadmapsmith": "bin/cli.js"
      },
      "engines": {
        "node": ">=18"
      }
    }
  }
}
